
Microsoft Visual Studio Solution File, Format Version 12.00
# Visual Studio Version 17
VisualStudioVersion = 17.12.35514.174
MinimumVisualStudioVersion = 10.0.40219.1
Project("{FAE04EC0-301F-11D3-BF4B-00C04F79EFBC}") = "TurtleChallenge", "src\TurtleChallenge\TurtleChallenge.csproj", "{552E6F62-4CDE-4D46-9080-D9D0AC709BCE}"
EndProject
Project("{FAE04EC0-301F-11D3-BF4B-00C04F79EFBC}") = "TurtleChallenge.UT", "test\TurtleChallenge.UT\TurtleChallenge.UT.csproj", "{D73EE301-6D97-4905-9A7A-16F5B5004B16}"
EndProject
Project("{2150E333-8FDC-42A3-9474-1A3956D46DE8}") = "Solution Items", "Solution Items", "{2ECD2165-20EB-474F-BA21-58C4DCA801AD}"
	ProjectSection(SolutionItems) = preProject
		game-settings = game-settings
		moves = moves
		ReadMe.md = ReadMe.md
		TurtleChallenge.exe = TurtleChallenge.exe
	EndProjectSection
EndProject
Global
	GlobalSection(SolutionConfigurationPlatforms) = preSolution
		Debug|Any CPU = Debug|Any CPU
		Release|Any CPU = Release|Any CPU
	EndGlobalSection
	GlobalSection(ProjectConfigurationPlatforms) = postSolution
		{552E6F62-4CDE-4D46-9080-D9D0AC709BCE}.Debug|Any CPU.ActiveCfg = Debug|Any CPU
		{552E6F62-4CDE-4D46-9080-D9D0AC709BCE}.Debug|Any CPU.Build.0 = Debug|Any CPU
		{552E6F62-4CDE-4D46-9080-D9D0AC709BCE}.Release|Any CPU.ActiveCfg = Release|Any CPU
		{552E6F62-4CDE-4D46-9080-D9D0AC709BCE}.Release|Any CPU.Build.0 = Release|Any CPU
		{D73EE301-6D97-4905-9A7A-16F5B5004B16}.Debug|Any CPU.ActiveCfg = Debug|Any CPU
		{D73EE301-6D97-4905-9A7A-16F5B5004B16}.Debug|Any CPU.Build.0 = Debug|Any CPU
		{D73EE301-6D97-4905-9A7A-16F5B5004B16}.Release|Any CPU.ActiveCfg = Release|Any CPU
		{D73EE301-6D97-4905-9A7A-16F5B5004B16}.Release|Any CPU.Build.0 = Release|Any CPU
	EndGlobalSection
	GlobalSection(SolutionProperties) = preSolution
		HideSolutionNode = FALSE
	EndGlobalSection
EndGlobal
